
Microsoft Visual Studio Solution File, Format Version 12.00
# Visual Studio Version 17
VisualStudioVersion = 17.3.32929.385
MinimumVisualStudioVersion = 10.0.40219.1
Project("{FAE04EC0-301F-11D3-BF4B-00C04F79EFBC}") = "GeometryArea", "GeometryArea.csproj", "{5449557C-4121-4921-BAC1-F744F6C3F5EE}"
EndProject
Project("{FAE04EC0-301F-11D3-BF4B-00C04F79EFBC}") = "GeometryLib", "..\GeometryLib\GeometryLib.csproj", "{D70E4776-CDF7-454C-84DB-230B80A83377}"
EndProject
Project("{FAE04EC0-301F-11D3-BF4B-00C04F79EFBC}") = "TestGeometryArea", "..\TestGeometryArea\TestGeometryArea.csproj", "{F162BAC8-8208-4516-BA6F-16193667055D}"
EndProject
Global
	GlobalSection(SolutionConfigurationPlatforms) = preSolution
		Debug|Any CPU = Debug|Any CPU
		Release|Any CPU = Release|Any CPU
	EndGlobalSection
	GlobalSection(ProjectConfigurationPlatforms) = postSolution
		{5449557C-4121-4921-BAC1-F744F6C3F5EE}.Debug|Any CPU.ActiveCfg = Debug|Any CPU
		{5449557C-4121-4921-BAC1-F744F6C3F5EE}.Debug|Any CPU.Build.0 = Debug|Any CPU
		{5449557C-4121-4921-BAC1-F744F6C3F5EE}.Release|Any CPU.ActiveCfg = Release|Any CPU
		{5449557C-4121-4921-BAC1-F744F6C3F5EE}.Release|Any CPU.Build.0 = Release|Any CPU
		{D70E4776-CDF7-454C-84DB-230B80A83377}.Debug|Any CPU.ActiveCfg = Debug|Any CPU
		{D70E4776-CDF7-454C-84DB-230B80A83377}.Debug|Any CPU.Build.0 = Debug|Any CPU
		{D70E4776-CDF7-454C-84DB-230B80A83377}.Release|Any CPU.ActiveCfg = Release|Any CPU
		{D70E4776-CDF7-454C-84DB-230B80A83377}.Release|Any CPU.Build.0 = Release|Any CPU
		{F162BAC8-8208-4516-BA6F-16193667055D}.Debug|Any CPU.ActiveCfg = Debug|Any CPU
		{F162BAC8-8208-4516-BA6F-16193667055D}.Debug|Any CPU.Build.0 = Debug|Any CPU
		{F162BAC8-8208-4516-BA6F-16193667055D}.Release|Any CPU.ActiveCfg = Release|Any CPU
		{F162BAC8-8208-4516-BA6F-16193667055D}.Release|Any CPU.Build.0 = Release|Any CPU
	EndGlobalSection
	GlobalSection(SolutionProperties) = preSolution
		HideSolutionNode = FALSE
	EndGlobalSection
	GlobalSection(ExtensibilityGlobals) = postSolution
		SolutionGuid = {940E78DF-D242-4B3D-93F3-0C8A0603C90B}
	EndGlobalSection
EndGlobal
